{
  "name": "extensions",
  "lockfileVersion": 3,
  "requires": true,
  "packages": {
    "": {
      "dependencies": {
        "pi-codex-goal": "0.1.33"
      }
    },
    "node_modules/pi-codex-goal": {
      "version": "0.1.33",
      "resolved": "https://registry.npmjs.org/pi-codex-goal/-/pi-codex-goal-0.1.33.tgz",
      "integrity": "sha512-RmW4+OWrNDpet11CaJa4/rQmbWLjm7GuD2xozK3N/sc0XtnUOla33QT8rul59KUj7Jt5h8X1uEOww+7b3AiH2A==",
      "license": "MIT",
      "engines": {
        "node": ">=24.0.0"
      },
      "peerDependencies": {
        "@earendil-works/pi-ai": "*",
        "@earendil-works/pi-coding-agent": "*",
        "typebox": "*"
      },
      "peerDependenciesMeta": {
        "@earendil-works/pi-ai": {
          "optional": true
        },
        "@earendil-works/pi-coding-agent": {
          "optional": true
        },
        "typebox": {
          "optional": true
        }
      }
    }
  }
}
