{
  "name": "deep-swe-bench-pi-dynamic-workflows-config",
  "lockfileVersion": 3,
  "requires": true,
  "packages": {
    "": {
      "name": "deep-swe-bench-pi-dynamic-workflows-config",
      "dependencies": {
        "@quintinshaw/pi-dynamic-workflows": "file:vendor/quintinshaw-pi-dynamic-workflows-2.10.0.tgz"
      }
    },
    "node_modules/@quintinshaw/pi-dynamic-workflows": {
      "version": "2.10.0",
      "resolved": "file:vendor/quintinshaw-pi-dynamic-workflows-2.10.0.tgz",
      "integrity": "sha512-prdTuLMNC1JaB9bvsleyY16gqFQIVOWZeKJypwBn40csV9v/HqOG8yQLnLj6hFXX1tU/8/cq+kIW2c2O2wJjrQ==",
      "license": "MIT",
      "dependencies": {
        "acorn": "^8.16.0"
      },
      "peerDependencies": {
        "@earendil-works/pi-coding-agent": "*",
        "@earendil-works/pi-tui": "*",
        "typebox": "*"
      }
    },
    "node_modules/acorn": {
      "version": "8.17.0",
      "resolved": "https://registry.npmjs.org/acorn/-/acorn-8.17.0.tgz",
      "integrity": "sha512-xRQbDb9BnwDafYNn6Vwl839DYVjqXYb1XVGtWAZ1kcDc6iwAL4hg3B1dZlRiuENFeO2H53gFG3in621AdERVAg==",
      "license": "MIT",
      "bin": {
        "acorn": "bin/acorn"
      },
      "engines": {
        "node": ">=0.4.0"
      }
    }
  }
}
